
Microsoft Visual Studio Solution File, Format Version 12.00
# Visual Studio Version 17
VisualStudioVersion = 17.3.32901.215
MinimumVisualStudioVersion = 10.0.40219.1
Project("{FAE04EC0-301F-11D3-BF4B-00C04F79EFBC}") = "Test2", "Test2\Test2.csproj", "{A7533355-C16A-4176-B246-1FA58995CD7A}"
EndProject
Global
	GlobalSection(SolutionConfigurationPlatforms) = preSolution
		Debug|Any CPU = Debug|Any CPU
		Release|Any CPU = Release|Any CPU
	EndGlobalSection
	GlobalSection(ProjectConfigurationPlatforms) = postSolution
		{A7533355-C16A-4176-B246-1FA58995CD7A}.Debug|Any CPU.ActiveCfg = Debug|Any CPU
		{A7533355-C16A-4176-B246-1FA58995CD7A}.Debug|Any CPU.Build.0 = Debug|Any CPU
		{A7533355-C16A-4176-B246-1FA58995CD7A}.Release|Any CPU.ActiveCfg = Release|Any CPU
		{A7533355-C16A-4176-B246-1FA58995CD7A}.Release|Any CPU.Build.0 = Release|Any CPU
	EndGlobalSection
	GlobalSection(SolutionProperties) = preSolution
		HideSolutionNode = FALSE
	EndGlobalSection
	GlobalSection(ExtensibilityGlobals) = postSolution
		SolutionGuid = {C7A38993-C116-4C95-8263-D0E8C05DDEB6}
	EndGlobalSection
EndGlobal
